
Microsoft Visual Studio Solution File, Format Version 12.00
# Visual Studio Version 16
VisualStudioVersion = 16.0.29418.71
MinimumVisualStudioVersion = 10.0.40219.1
Project("{FAE04EC0-301F-11D3-BF4B-00C04F79EFBC}") = "fun with loops", "fun with loops\fun with loops.csproj", "{C3F012E5-06B8-4D57-9230-76C1021E4CCF}"
EndProject
Global
	GlobalSection(SolutionConfigurationPlatforms) = preSolution
		Debug|Any CPU = Debug|Any CPU
		Release|Any CPU = Release|Any CPU
	EndGlobalSection
	GlobalSection(ProjectConfigurationPlatforms) = postSolution
		{C3F012E5-06B8-4D57-9230-76C1021E4CCF}.Debug|Any CPU.ActiveCfg = Debug|Any CPU
		{C3F012E5-06B8-4D57-9230-76C1021E4CCF}.Debug|Any CPU.Build.0 = Debug|Any CPU
		{C3F012E5-06B8-4D57-9230-76C1021E4CCF}.Release|Any CPU.ActiveCfg = Release|Any CPU
		{C3F012E5-06B8-4D57-9230-76C1021E4CCF}.Release|Any CPU.Build.0 = Release|Any CPU
	EndGlobalSection
	GlobalSection(SolutionProperties) = preSolution
		HideSolutionNode = FALSE
	EndGlobalSection
	GlobalSection(ExtensibilityGlobals) = postSolution
		SolutionGuid = {F895C210-53B2-4F7B-95F5-88F8C5921DAD}
	EndGlobalSection
EndGlobal
